PODS:
  - Alamofire (4.7.2)
  - AlamofireImage (3.3.1):
    - Alamofire (~> 4.5)
  - NVActivityIndicatorView (4.2.1):
    - NVActivityIndicatorView/Presenter (= 4.2.1)
  - NVActivityIndicatorView/Presenter (4.2.1)
  - RxSwift (4.2.0)

DEPENDENCIES:
  - Alamofire
  - AlamofireImage (~> 3.3)
  - NVActivityIndicatorView
  - RxSwift (~> 4.0)

SPEC REPOS:
  https://github.com/CocoaPods/Specs.git:
    - Alamofire
    - AlamofireImage
    - NVActivityIndicatorView
    - RxSwift

SPEC CHECKSUMS:
  Alamofire: e4fa87002c137ba2d8d634d2c51fabcda0d5c223
  AlamofireImage: 3b35b586853abaf94ca1250f4e94cff3c21a4c0d
  NVActivityIndicatorView: 8068ba3ad39cb44cbaab25d89ff2546b3f092681
  RxSwift: 99e10317ddfcc7fbe01356aafd118fde4a0be104

PODFILE CHECKSUM: ed523c91935241f2bf45bbac35cfacfa2151308c

COCOAPODS: 1.5.0
